
Microsoft Visual Studio Solution File, Format Version 12.00
# Visual Studio Version 16
VisualStudioVersion = 16.0.32630.194
MinimumVisualStudioVersion = 10.0.40219.1
Project("{9A19103F-16F7-4668-BE54-9A1E7A4F7556}") = "c sharp", "c sharp\c sharp.csproj", "{32274085-66D3-4512-9240-D7FC9FFD7685}"
EndProject
Project("{FAE04EC0-301F-11D3-BF4B-00C04F79EFBC}") = "DataType", "DataType\DataType.csproj", "{F5CB096A-4A1D-4962-B683-905CC66F9875}"
EndProject
Project("{FAE04EC0-301F-11D3-BF4B-00C04F79EFBC}") = "ValueType", "ValueType\ValueType.csproj", "{C196F399-E316-42F9-9216-C028C6AC06BF}"
EndProject
Project("{9A19103F-16F7-4668-BE54-9A1E7A4F7556}") = "ReferenceType", "ReferenceType\ReferenceType.csproj", "{20C7B1BD-7F1F-4BBF-95AB-E38C96E84260}"
EndProject
Project("{9A19103F-16F7-4668-BE54-9A1E7A4F7556}") = "NumberFormat", "NumberFormat\NumberFormat.csproj", "{5D9C7AAC-5597-4DA2-98D0-5A36C0A2F25A}"
EndProject
Project("{9A19103F-16F7-4668-BE54-9A1E7A4F7556}") = "DateTimeFormat", "DateTimeFormat\DateTimeFormat.csproj", "{524C9F3B-98CE-43B5-BAAC-C995E91B0D8B}"
EndProject
Project("{9A19103F-16F7-4668-BE54-9A1E7A4F7556}") = "ForEach", "ForEach\ForEach.csproj", "{12EDA32D-E03D-4FE8-8449-2BF8FB990113}"
EndProject
Project("{9A19103F-16F7-4668-BE54-9A1E7A4F7556}") = "ObjectArray", "ObjectArray\ObjectArray.csproj", "{1AC7D472-0DDE-4F4F-B1ED-6B9A98CF6341}"
EndProject
Project("{9A19103F-16F7-4668-BE54-9A1E7A4F7556}") = "ArrayClass", "ArrayClass\ArrayClass.csproj", "{C68DEAE0-3BD8-4653-9086-41301C5C6A6D}"
EndProject
Project("{FAE04EC0-301F-11D3-BF4B-00C04F79EFBC}") = "Car", "Car\Car.csproj", "{2C81C94A-20F0-41C9-A514-8035B8D10B95}"
EndProject
Project("{FAE04EC0-301F-11D3-BF4B-00C04F79EFBC}") = "Window", "Window\Window.csproj", "{29569A8A-2B99-4A0C-9516-DA8615DEC987}"
EndProject
Project("{FAE04EC0-301F-11D3-BF4B-00C04F79EFBC}") = "Sort", "Sort\Sort.csproj", "{7D544F67-05FE-4E0B-B804-D32A00780BF5}"
EndProject
Project("{9A19103F-16F7-4668-BE54-9A1E7A4F7556}") = "GeometricObjectDemo", "GeometricObjectDemo\GeometricObjectDemo.csproj", "{ECAA094E-49B3-4060-BE4C-A3FDA1F53950}"
EndProject
Project("{9A19103F-16F7-4668-BE54-9A1E7A4F7556}") = "IndexersDemo", "IndexersDemo\IndexersDemo.csproj", "{AD02B6F0-A7DC-42F6-8204-8D9BC3EF0D50}"
EndProject
Project("{FAE04EC0-301F-11D3-BF4B-00C04F79EFBC}") = "MyCs", "MyCs\MyCs.csproj", "{15324DFD-2689-4936-83B7-56B75DD6CE3F}"
EndProject
Project("{FAE04EC0-301F-11D3-BF4B-00C04F79EFBC}") = "Exception", "Exception\Exception.csproj", "{8B07B300-BF1D-41B3-847A-A805A2B2D6AD}"
EndProject
Project("{FAE04EC0-301F-11D3-BF4B-00C04F79EFBC}") = "ExceptionEx", "ExceptionEx\ExceptionEx.csproj", "{7AA18B99-A348-4540-91D8-4F3E413DF516}"
EndProject
Project("{FAE04EC0-301F-11D3-BF4B-00C04F79EFBC}") = "SquareRoot", "OOPException\SquareRoot.csproj", "{F98141F7-840C-4AF5-8B05-B4EA7D9550DC}"
EndProject
Project("{FAE04EC0-301F-11D3-BF4B-00C04F79EFBC}") = "EnterNumber", "EnterNumber\EnterNumber.csproj", "{98303774-8E44-4B96-ACC4-D399E3D703E6}"
EndProject
Project("{FAE04EC0-301F-11D3-BF4B-00C04F79EFBC}") = "Fixing", "Fixing\Fixing.csproj", "{0241FB3F-99E9-4944-AFA1-51D16F8D0479}"
EndProject
Project("{FAE04EC0-301F-11D3-BF4B-00C04F79EFBC}") = "FixingVol2", "FixingVol2\FixingVol2.csproj", "{55743494-B99B-491D-9B97-41C6362866BB}"
EndProject
Project("{FAE04EC0-301F-11D3-BF4B-00C04F79EFBC}") = "ValidPerson", "ValidPerson\ValidPerson.csproj", "{F9855CCD-A71C-4BEE-8E0C-DAD243E08D3E}"
EndProject
Project("{FAE04EC0-301F-11D3-BF4B-00C04F79EFBC}") = "ArrayListClass", "ArrayListClass\ArrayListClass.csproj", "{44739E04-7BF2-4F79-977A-9DA8A7800384}"
EndProject
Project("{FAE04EC0-301F-11D3-BF4B-00C04F79EFBC}") = "SortedListClass", "SortedList\SortedListClass.csproj", "{56C5FF2B-AAA9-43C9-B1CB-A8441958F267}"
EndProject
Project("{FAE04EC0-301F-11D3-BF4B-00C04F79EFBC}") = "HashTableTest", "HashTableTest\HashTableTest.csproj", "{23B249FB-AE0F-4850-9D05-1C4EC3083FA2}"
EndProject
Project("{FAE04EC0-301F-11D3-BF4B-00C04F79EFBC}") = "EmployeeManagement", "EmployeeManagment\EmployeeManagement.csproj", "{35AFAF55-2A52-45B9-80A8-063C8D7788A7}"
EndProject
Project("{FAE04EC0-301F-11D3-BF4B-00C04F79EFBC}") = "Abstract", "Abstract\Abstract.csproj", "{6C6CA0A4-CF6E-4F17-8F6A-6A35D7073581}"
EndProject
Project("{9A19103F-16F7-4668-BE54-9A1E7A4F7556}") = "IIdentifiable", "IIdentifiable\IIdentifiable.csproj", "{C0BA6D65-225D-4E99-85FA-BF194D6243C0}"
EndProject
Project("{FAE04EC0-301F-11D3-BF4B-00C04F79EFBC}") = "GeometryExample", "WrittenTest\GeometryExample.csproj", "{2A27FCCB-71B0-4089-BD7D-13764C2831D6}"
EndProject
Project("{FAE04EC0-301F-11D3-BF4B-00C04F79EFBC}") = "WrittenTest2", "WrittenTest2\WrittenTest2.csproj", "{3BD34B38-02A6-44B9-9F24-38327D0A4F41}"
EndProject
Global
	GlobalSection(SolutionConfigurationPlatforms) = preSolution
		Debug|Any CPU = Debug|Any CPU
		Release|Any CPU = Release|Any CPU
	EndGlobalSection
	GlobalSection(ProjectConfigurationPlatforms) = postSolution
		{32274085-66D3-4512-9240-D7FC9FFD7685}.Debug|Any CPU.ActiveCfg = Debug|Any CPU
		{32274085-66D3-4512-9240-D7FC9FFD7685}.Debug|Any CPU.Build.0 = Debug|Any CPU
		{32274085-66D3-4512-9240-D7FC9FFD7685}.Release|Any CPU.ActiveCfg = Release|Any CPU
		{32274085-66D3-4512-9240-D7FC9FFD7685}.Release|Any CPU.Build.0 = Release|Any CPU
		{F5CB096A-4A1D-4962-B683-905CC66F9875}.Debug|Any CPU.ActiveCfg = Debug|Any CPU
		{F5CB096A-4A1D-4962-B683-905CC66F9875}.Debug|Any CPU.Build.0 = Debug|Any CPU
		{F5CB096A-4A1D-4962-B683-905CC66F9875}.Release|Any CPU.ActiveCfg = Release|Any CPU
		{F5CB096A-4A1D-4962-B683-905CC66F9875}.Release|Any CPU.Build.0 = Release|Any CPU
		{C196F399-E316-42F9-9216-C028C6AC06BF}.Debug|Any CPU.ActiveCfg = Debug|Any CPU
		{C196F399-E316-42F9-9216-C028C6AC06BF}.Debug|Any CPU.Build.0 = Debug|Any CPU
		{C196F399-E316-42F9-9216-C028C6AC06BF}.Release|Any CPU.ActiveCfg = Release|Any CPU
		{C196F399-E316-42F9-9216-C028C6AC06BF}.Release|Any CPU.Build.0 = Release|Any CPU
		{20C7B1BD-7F1F-4BBF-95AB-E38C96E84260}.Debug|Any CPU.ActiveCfg = Debug|Any CPU
		{20C7B1BD-7F1F-4BBF-95AB-E38C96E84260}.Debug|Any CPU.Build.0 = Debug|Any CPU
		{20C7B1BD-7F1F-4BBF-95AB-E38C96E84260}.Release|Any CPU.ActiveCfg = Release|Any CPU
		{20C7B1BD-7F1F-4BBF-95AB-E38C96E84260}.Release|Any CPU.Build.0 = Release|Any CPU
		{5D9C7AAC-5597-4DA2-98D0-5A36C0A2F25A}.Debug|Any CPU.ActiveCfg = Debug|Any CPU
		{5D9C7AAC-5597-4DA2-98D0-5A36C0A2F25A}.Debug|Any CPU.Build.0 = Debug|Any CPU
		{5D9C7AAC-5597-4DA2-98D0-5A36C0A2F25A}.Release|Any CPU.ActiveCfg = Release|Any CPU
		{5D9C7AAC-5597-4DA2-98D0-5A36C0A2F25A}.Release|Any CPU.Build.0 = Release|Any CPU
		{524C9F3B-98CE-43B5-BAAC-C995E91B0D8B}.Debug|Any CPU.ActiveCfg = Debug|Any CPU
		{524C9F3B-98CE-43B5-BAAC-C995E91B0D8B}.Debug|Any CPU.Build.0 = Debug|Any CPU
		{524C9F3B-98CE-43B5-BAAC-C995E91B0D8B}.Release|Any CPU.ActiveCfg = Release|Any CPU
		{524C9F3B-98CE-43B5-BAAC-C995E91B0D8B}.Release|Any CPU.Build.0 = Release|Any CPU
		{12EDA32D-E03D-4FE8-8449-2BF8FB990113}.Debug|Any CPU.ActiveCfg = Debug|Any CPU
		{12EDA32D-E03D-4FE8-8449-2BF8FB990113}.Debug|Any CPU.Build.0 = Debug|Any CPU
		{12EDA32D-E03D-4FE8-8449-2BF8FB990113}.Release|Any CPU.ActiveCfg = Release|Any CPU
		{12EDA32D-E03D-4FE8-8449-2BF8FB990113}.Release|Any CPU.Build.0 = Release|Any CPU
		{1AC7D472-0DDE-4F4F-B1ED-6B9A98CF6341}.Debug|Any CPU.ActiveCfg = Debug|Any CPU
		{1AC7D472-0DDE-4F4F-B1ED-6B9A98CF6341}.Debug|Any CPU.Build.0 = Debug|Any CPU
		{1AC7D472-0DDE-4F4F-B1ED-6B9A98CF6341}.Release|Any CPU.ActiveCfg = Release|Any CPU
		{1AC7D472-0DDE-4F4F-B1ED-6B9A98CF6341}.Release|Any CPU.Build.0 = Release|Any CPU
		{C68DEAE0-3BD8-4653-9086-41301C5C6A6D}.Debug|Any CPU.ActiveCfg = Debug|Any CPU
		{C68DEAE0-3BD8-4653-9086-41301C5C6A6D}.Debug|Any CPU.Build.0 = Debug|Any CPU
		{C68DEAE0-3BD8-4653-9086-41301C5C6A6D}.Release|Any CPU.ActiveCfg = Release|Any CPU
		{C68DEAE0-3BD8-4653-9086-41301C5C6A6D}.Release|Any CPU.Build.0 = Release|Any CPU
		{2C81C94A-20F0-41C9-A514-8035B8D10B95}.Debug|Any CPU.ActiveCfg = Debug|Any CPU
		{2C81C94A-20F0-41C9-A514-8035B8D10B95}.Debug|Any CPU.Build.0 = Debug|Any CPU
		{2C81C94A-20F0-41C9-A514-8035B8D10B95}.Release|Any CPU.ActiveCfg = Release|Any CPU
		{2C81C94A-20F0-41C9-A514-8035B8D10B95}.Release|Any CPU.Build.0 = Release|Any CPU
		{29569A8A-2B99-4A0C-9516-DA8615DEC987}.Debug|Any CPU.ActiveCfg = Debug|Any CPU
		{29569A8A-2B99-4A0C-9516-DA8615DEC987}.Debug|Any CPU.Build.0 = Debug|Any CPU
		{29569A8A-2B99-4A0C-9516-DA8615DEC987}.Release|Any CPU.ActiveCfg = Release|Any CPU
		{29569A8A-2B99-4A0C-9516-DA8615DEC987}.Release|Any CPU.Build.0 = Release|Any CPU
		{7D544F67-05FE-4E0B-B804-D32A00780BF5}.Debug|Any CPU.ActiveCfg = Debug|Any CPU
		{7D544F67-05FE-4E0B-B804-D32A00780BF5}.Debug|Any CPU.Build.0 = Debug|Any CPU
		{7D544F67-05FE-4E0B-B804-D32A00780BF5}.Release|Any CPU.ActiveCfg = Release|Any CPU
		{7D544F67-05FE-4E0B-B804-D32A00780BF5}.Release|Any CPU.Build.0 = Release|Any CPU
		{ECAA094E-49B3-4060-BE4C-A3FDA1F53950}.Debug|Any CPU.ActiveCfg = Debug|Any CPU
		{ECAA094E-49B3-4060-BE4C-A3FDA1F53950}.Debug|Any CPU.Build.0 = Debug|Any CPU
		{ECAA094E-49B3-4060-BE4C-A3FDA1F53950}.Release|Any CPU.ActiveCfg = Release|Any CPU
		{ECAA094E-49B3-4060-BE4C-A3FDA1F53950}.Release|Any CPU.Build.0 = Release|Any CPU
		{AD02B6F0-A7DC-42F6-8204-8D9BC3EF0D50}.Debug|Any CPU.ActiveCfg = Debug|Any CPU
		{AD02B6F0-A7DC-42F6-8204-8D9BC3EF0D50}.Debug|Any CPU.Build.0 = Debug|Any CPU
		{AD02B6F0-A7DC-42F6-8204-8D9BC3EF0D50}.Release|Any CPU.ActiveCfg = Release|Any CPU
		{AD02B6F0-A7DC-42F6-8204-8D9BC3EF0D50}.Release|Any CPU.Build.0 = Release|Any CPU
		{15324DFD-2689-4936-83B7-56B75DD6CE3F}.Debug|Any CPU.ActiveCfg = Debug|Any CPU
		{15324DFD-2689-4936-83B7-56B75DD6CE3F}.Debug|Any CPU.Build.0 = Debug|Any CPU
		{15324DFD-2689-4936-83B7-56B75DD6CE3F}.Release|Any CPU.ActiveCfg = Release|Any CPU
		{15324DFD-2689-4936-83B7-56B75DD6CE3F}.Release|Any CPU.Build.0 = Release|Any CPU
		{8B07B300-BF1D-41B3-847A-A805A2B2D6AD}.Debug|Any CPU.ActiveCfg = Debug|Any CPU
		{8B07B300-BF1D-41B3-847A-A805A2B2D6AD}.Debug|Any CPU.Build.0 = Debug|Any CPU
		{8B07B300-BF1D-41B3-847A-A805A2B2D6AD}.Release|Any CPU.ActiveCfg = Release|Any CPU
		{8B07B300-BF1D-41B3-847A-A805A2B2D6AD}.Release|Any CPU.Build.0 = Release|Any CPU
		{7AA18B99-A348-4540-91D8-4F3E413DF516}.Debug|Any CPU.ActiveCfg = Debug|Any CPU
		{7AA18B99-A348-4540-91D8-4F3E413DF516}.Debug|Any CPU.Build.0 = Debug|Any CPU
		{7AA18B99-A348-4540-91D8-4F3E413DF516}.Release|Any CPU.ActiveCfg = Release|Any CPU
		{7AA18B99-A348-4540-91D8-4F3E413DF516}.Release|Any CPU.Build.0 = Release|Any CPU
		{F98141F7-840C-4AF5-8B05-B4EA7D9550DC}.Debug|Any CPU.ActiveCfg = Debug|Any CPU
		{F98141F7-840C-4AF5-8B05-B4EA7D9550DC}.Debug|Any CPU.Build.0 = Debug|Any CPU
		{F98141F7-840C-4AF5-8B05-B4EA7D9550DC}.Release|Any CPU.ActiveCfg = Release|Any CPU
		{F98141F7-840C-4AF5-8B05-B4EA7D9550DC}.Release|Any CPU.Build.0 = Release|Any CPU
		{98303774-8E44-4B96-ACC4-D399E3D703E6}.Debug|Any CPU.ActiveCfg = Debug|Any CPU
		{98303774-8E44-4B96-ACC4-D399E3D703E6}.Debug|Any CPU.Build.0 = Debug|Any CPU
		{98303774-8E44-4B96-ACC4-D399E3D703E6}.Release|Any CPU.ActiveCfg = Release|Any CPU
		{98303774-8E44-4B96-ACC4-D399E3D703E6}.Release|Any CPU.Build.0 = Release|Any CPU
		{0241FB3F-99E9-4944-AFA1-51D16F8D0479}.Debug|Any CPU.ActiveCfg = Debug|Any CPU
		{0241FB3F-99E9-4944-AFA1-51D16F8D0479}.Debug|Any CPU.Build.0 = Debug|Any CPU
		{0241FB3F-99E9-4944-AFA1-51D16F8D0479}.Release|Any CPU.ActiveCfg = Release|Any CPU
		{0241FB3F-99E9-4944-AFA1-51D16F8D0479}.Release|Any CPU.Build.0 = Release|Any CPU
		{55743494-B99B-491D-9B97-41C6362866BB}.Debug|Any CPU.ActiveCfg = Debug|Any CPU
		{55743494-B99B-491D-9B97-41C6362866BB}.Debug|Any CPU.Build.0 = Debug|Any CPU
		{55743494-B99B-491D-9B97-41C6362866BB}.Release|Any CPU.ActiveCfg = Release|Any CPU
		{55743494-B99B-491D-9B97-41C6362866BB}.Release|Any CPU.Build.0 = Release|Any CPU
		{F9855CCD-A71C-4BEE-8E0C-DAD243E08D3E}.Debug|Any CPU.ActiveCfg = Debug|Any CPU
		{F9855CCD-A71C-4BEE-8E0C-DAD243E08D3E}.Debug|Any CPU.Build.0 = Debug|Any CPU
		{F9855CCD-A71C-4BEE-8E0C-DAD243E08D3E}.Release|Any CPU.ActiveCfg = Release|Any CPU
		{F9855CCD-A71C-4BEE-8E0C-DAD243E08D3E}.Release|Any CPU.Build.0 = Release|Any CPU
		{44739E04-7BF2-4F79-977A-9DA8A7800384}.Debug|Any CPU.ActiveCfg = Debug|Any CPU
		{44739E04-7BF2-4F79-977A-9DA8A7800384}.Debug|Any CPU.Build.0 = Debug|Any CPU
		{44739E04-7BF2-4F79-977A-9DA8A7800384}.Release|Any CPU.ActiveCfg = Release|Any CPU
		{44739E04-7BF2-4F79-977A-9DA8A7800384}.Release|Any CPU.Build.0 = Release|Any CPU
		{56C5FF2B-AAA9-43C9-B1CB-A8441958F267}.Debug|Any CPU.ActiveCfg = Debug|Any CPU
		{56C5FF2B-AAA9-43C9-B1CB-A8441958F267}.Debug|Any CPU.Build.0 = Debug|Any CPU
		{56C5FF2B-AAA9-43C9-B1CB-A8441958F267}.Release|Any CPU.ActiveCfg = Release|Any CPU
		{56C5FF2B-AAA9-43C9-B1CB-A8441958F267}.Release|Any CPU.Build.0 = Release|Any CPU
		{23B249FB-AE0F-4850-9D05-1C4EC3083FA2}.Debug|Any CPU.ActiveCfg = Debug|Any CPU
		{23B249FB-AE0F-4850-9D05-1C4EC3083FA2}.Debug|Any CPU.Build.0 = Debug|Any CPU
		{23B249FB-AE0F-4850-9D05-1C4EC3083FA2}.Release|Any CPU.ActiveCfg = Release|Any CPU
		{23B249FB-AE0F-4850-9D05-1C4EC3083FA2}.Release|Any CPU.Build.0 = Release|Any CPU
		{35AFAF55-2A52-45B9-80A8-063C8D7788A7}.Debug|Any CPU.ActiveCfg = Debug|Any CPU
		{35AFAF55-2A52-45B9-80A8-063C8D7788A7}.Debug|Any CPU.Build.0 = Debug|Any CPU
		{35AFAF55-2A52-45B9-80A8-063C8D7788A7}.Release|Any CPU.ActiveCfg = Release|Any CPU
		{35AFAF55-2A52-45B9-80A8-063C8D7788A7}.Release|Any CPU.Build.0 = Release|Any CPU
		{6C6CA0A4-CF6E-4F17-8F6A-6A35D7073581}.Debug|Any CPU.ActiveCfg = Debug|Any CPU
		{6C6CA0A4-CF6E-4F17-8F6A-6A35D7073581}.Debug|Any CPU.Build.0 = Debug|Any CPU
		{6C6CA0A4-CF6E-4F17-8F6A-6A35D7073581}.Release|Any CPU.ActiveCfg = Release|Any CPU
		{6C6CA0A4-CF6E-4F17-8F6A-6A35D7073581}.Release|Any CPU.Build.0 = Release|Any CPU
		{C0BA6D65-225D-4E99-85FA-BF194D6243C0}.Debug|Any CPU.ActiveCfg = Debug|Any CPU
		{C0BA6D65-225D-4E99-85FA-BF194D6243C0}.Debug|Any CPU.Build.0 = Debug|Any CPU
		{C0BA6D65-225D-4E99-85FA-BF194D6243C0}.Release|Any CPU.ActiveCfg = Release|Any CPU
		{C0BA6D65-225D-4E99-85FA-BF194D6243C0}.Release|Any CPU.Build.0 = Release|Any CPU
		{2A27FCCB-71B0-4089-BD7D-13764C2831D6}.Debug|Any CPU.ActiveCfg = Debug|Any CPU
		{2A27FCCB-71B0-4089-BD7D-13764C2831D6}.Debug|Any CPU.Build.0 = Debug|Any CPU
		{2A27FCCB-71B0-4089-BD7D-13764C2831D6}.Release|Any CPU.ActiveCfg = Release|Any CPU
		{2A27FCCB-71B0-4089-BD7D-13764C2831D6}.Release|Any CPU.Build.0 = Release|Any CPU
		{3BD34B38-02A6-44B9-9F24-38327D0A4F41}.Debug|Any CPU.ActiveCfg = Debug|Any CPU
		{3BD34B38-02A6-44B9-9F24-38327D0A4F41}.Debug|Any CPU.Build.0 = Debug|Any CPU
		{3BD34B38-02A6-44B9-9F24-38327D0A4F41}.Release|Any CPU.ActiveCfg = Release|Any CPU
		{3BD34B38-02A6-44B9-9F24-38327D0A4F41}.Release|Any CPU.Build.0 = Release|Any CPU
	EndGlobalSection
	GlobalSection(SolutionProperties) = preSolution
		HideSolutionNode = FALSE
	EndGlobalSection
	GlobalSection(ExtensibilityGlobals) = postSolution
		SolutionGuid = {E78B47DB-4760-48F9-98C5-6B6DF2C8C7A3}
	EndGlobalSection
EndGlobal
